
Microsoft Visual Studio Solution File, Format Version 12.00
# Visual Studio Version 17
VisualStudioVersion = 17.4.33205.214
MinimumVisualStudioVersion = 10.0.40219.1
Project("{FAE04EC0-301F-11D3-BF4B-00C04F79EFBC}") = "DotNet_With_MongoDB", "DotNet_With_MongoDB\DotNet_With_MongoDB.csproj", "{15F77187-656E-4D15-8A4F-B9BB641343BB}"
EndProject
Global
	GlobalSection(SolutionConfigurationPlatforms) = preSolution
		Debug|Any CPU = Debug|Any CPU
		Release|Any CPU = Release|Any CPU
	EndGlobalSection
	GlobalSection(ProjectConfigurationPlatforms) = postSolution
		{15F77187-656E-4D15-8A4F-B9BB641343BB}.Debug|Any CPU.ActiveCfg = Debug|Any CPU
		{15F77187-656E-4D15-8A4F-B9BB641343BB}.Debug|Any CPU.Build.0 = Debug|Any CPU
		{15F77187-656E-4D15-8A4F-B9BB641343BB}.Release|Any CPU.ActiveCfg = Release|Any CPU
		{15F77187-656E-4D15-8A4F-B9BB641343BB}.Release|Any CPU.Build.0 = Release|Any CPU
	EndGlobalSection
	GlobalSection(SolutionProperties) = preSolution
		HideSolutionNode = FALSE
	EndGlobalSection
	GlobalSection(ExtensibilityGlobals) = postSolution
		SolutionGuid = {4E426A91-3518-4CF4-9D8E-5788CD1BAAF7}
	EndGlobalSection
EndGlobal
